
Microsoft Visual Studio Solution File, Format Version 12.00
# Visual Studio 15
VisualStudioVersion = 15.0.27428.2037
MinimumVisualStudioVersion = 10.0.40219.1
Project("{888888A0-9F3D-457C-B088-3A5042F75D52}") = "bitsnack", "bitsnack\bitsnack.pyproj", "{2D3E2553-D37C-4856-A091-15F473574B17}"
EndProject
Global
	GlobalSection(SolutionConfigurationPlatforms) = preSolution
		Debug|Any CPU = Debug|Any CPU
		Release|Any CPU = Release|Any CPU
	EndGlobalSection
	GlobalSection(ProjectConfigurationPlatforms) = postSolution
		{2D3E2553-D37C-4856-A091-15F473574B17}.Debug|Any CPU.ActiveCfg = Debug|Any CPU
		{2D3E2553-D37C-4856-A091-15F473574B17}.Debug|Any CPU.Build.0 = Debug|Any CPU
		{2D3E2553-D37C-4856-A091-15F473574B17}.Release|Any CPU.ActiveCfg = Release|Any CPU
		{2D3E2553-D37C-4856-A091-15F473574B17}.Release|Any CPU.Build.0 = Release|Any CPU
	EndGlobalSection
	GlobalSection(SolutionProperties) = preSolution
		HideSolutionNode = FALSE
	EndGlobalSection
	GlobalSection(ExtensibilityGlobals) = postSolution
		SolutionGuid = {74305331-74D7-4F41-84AF-FAFEB6F4DB7A}
	EndGlobalSection
EndGlobal
